
Microsoft Visual Studio Solution File, Format Version 12.00
# Visual Studio Version 17
VisualStudioVersion = 17.8.34309.116
MinimumVisualStudioVersion = 10.0.40219.1
Project("{FAE04EC0-301F-11D3-BF4B-00C04F79EFBC}") = "GoogleSheet", "GoogleSheet.csproj", "{8CCF8A31-16F8-470B-A737-4DFED8738E3D}"
EndProject
Global
	GlobalSection(SolutionConfigurationPlatforms) = preSolution
		Debug|Any CPU = Debug|Any CPU
		Release|Any CPU = Release|Any CPU
	EndGlobalSection
	GlobalSection(ProjectConfigurationPlatforms) = postSolution
		{8CCF8A31-16F8-470B-A737-4DFED8738E3D}.Debug|Any CPU.ActiveCfg = Debug|Any CPU
		{8CCF8A31-16F8-470B-A737-4DFED8738E3D}.Debug|Any CPU.Build.0 = Debug|Any CPU
		{8CCF8A31-16F8-470B-A737-4DFED8738E3D}.Release|Any CPU.ActiveCfg = Release|Any CPU
		{8CCF8A31-16F8-470B-A737-4DFED8738E3D}.Release|Any CPU.Build.0 = Release|Any CPU
	EndGlobalSection
	GlobalSection(SolutionProperties) = preSolution
		HideSolutionNode = FALSE
	EndGlobalSection
	GlobalSection(ExtensibilityGlobals) = postSolution
		SolutionGuid = {0C8FA584-42A6-4850-A525-1066CA1D006C}
	EndGlobalSection
EndGlobal
